<?xml version="1.0" encoding="utf-8"?>
<Project ToolsVersion="16.0" xmlns="http://schemas.microsoft.com/developer/msbuild/2003">
  <ItemGroup>
    <ClCompile Include="D:\00Workbench\TMC2_v18.0_VTM_MCCNN\mpeg-pcc-tmc2-Test\dependencies\HM-16.20+SCM-8.8\source\Lib\TAppCommon\program_options_lite.cpp">
      <Filter>Source Files</Filter>
    </ClCompile>
    <ClCompile Include="D:\00Workbench\TMC2_v18.0_VTM_MCCNN\mpeg-pcc-tmc2-Test\source\lib\PccLibVideoEncoder\source\PCCHMAppVideoEncoder.cpp">
      <Filter>Source Files</Filter>
    </ClCompile>
    <ClCompile Include="D:\00Workbench\TMC2_v18.0_VTM_MCCNN\mpeg-pcc-tmc2-Test\source\lib\PccLibVideoEncoder\source\PCCHMLibVideoEncoder.cpp">
      <Filter>Source Files</Filter>
    </ClCompile>
    <ClCompile Include="D:\00Workbench\TMC2_v18.0_VTM_MCCNN\mpeg-pcc-tmc2-Test\source\lib\PccLibVideoEncoder\source\PCCHMLibVideoEncoderImpl.cpp">
      <Filter>Source Files</Filter>
    </ClCompile>
    <ClCompile Include="D:\00Workbench\TMC2_v18.0_VTM_MCCNN\mpeg-pcc-tmc2-Test\source\lib\PccLibVideoEncoder\source\PCCHMVideoEncoderCfg.cpp">
      <Filter>Source Files</Filter>
    </ClCompile>
    <ClCompile Include="D:\00Workbench\TMC2_v18.0_VTM_MCCNN\mpeg-pcc-tmc2-Test\source\lib\PccLibVideoEncoder\source\PCCJMAppVideoEncoder.cpp">
      <Filter>Source Files</Filter>
    </ClCompile>
    <ClCompile Include="D:\00Workbench\TMC2_v18.0_VTM_MCCNN\mpeg-pcc-tmc2-Test\source\lib\PccLibVideoEncoder\source\PCCJMLibVideoEncoder.cpp">
      <Filter>Source Files</Filter>
    </ClCompile>
    <ClCompile Include="D:\00Workbench\TMC2_v18.0_VTM_MCCNN\mpeg-pcc-tmc2-Test\source\lib\PccLibVideoEncoder\source\PCCJMLibVideoEncoderImpl.cpp">
      <Filter>Source Files</Filter>
    </ClCompile>
    <ClCompile Include="D:\00Workbench\TMC2_v18.0_VTM_MCCNN\mpeg-pcc-tmc2-Test\source\lib\PccLibVideoEncoder\source\PCCSHMAppVideoEncoder.cpp">
      <Filter>Source Files</Filter>
    </ClCompile>
    <ClCompile Include="D:\00Workbench\TMC2_v18.0_VTM_MCCNN\mpeg-pcc-tmc2-Test\source\lib\PccLibVideoEncoder\source\PCCVTMLibVideoEncoder.cpp">
      <Filter>Source Files</Filter>
    </ClCompile>
    <ClCompile Include="D:\00Workbench\TMC2_v18.0_VTM_MCCNN\mpeg-pcc-tmc2-Test\source\lib\PccLibVideoEncoder\source\PCCVTMLibVideoEncoderImpl.cpp">
      <Filter>Source Files</Filter>
    </ClCompile>
    <ClCompile Include="D:\00Workbench\TMC2_v18.0_VTM_MCCNN\mpeg-pcc-tmc2-Test\source\lib\PccLibVideoEncoder\source\PCCVTMVideoEncoderCfg.cpp">
      <Filter>Source Files</Filter>
    </ClCompile>
    <ClCompile Include="D:\00Workbench\TMC2_v18.0_VTM_MCCNN\mpeg-pcc-tmc2-Test\source\lib\PccLibVideoEncoder\source\PCCVirtualVideoEncoder.cpp">
      <Filter>Source Files</Filter>
    </ClCompile>
  </ItemGroup>
  <ItemGroup>
    <ClInclude Include="D:\00Workbench\TMC2_v18.0_VTM_MCCNN\mpeg-pcc-tmc2-Test\dependencies\HM-16.20+SCM-8.8\source\Lib\TAppCommon\program_options_lite.h">
      <Filter>Header Files</Filter>
    </ClInclude>
    <ClInclude Include="D:\00Workbench\TMC2_v18.0_VTM_MCCNN\mpeg-pcc-tmc2-Test\source\lib\PccLibVideoEncoder\include\PCCHMAppVideoEncoder.h">
      <Filter>Header Files</Filter>
    </ClInclude>
    <ClInclude Include="D:\00Workbench\TMC2_v18.0_VTM_MCCNN\mpeg-pcc-tmc2-Test\source\lib\PccLibVideoEncoder\include\PCCHMLibVideoEncoder.h">
      <Filter>Header Files</Filter>
    </ClInclude>
    <ClInclude Include="D:\00Workbench\TMC2_v18.0_VTM_MCCNN\mpeg-pcc-tmc2-Test\source\lib\PccLibVideoEncoder\include\PCCHMLibVideoEncoderCfg.h">
      <Filter>Header Files</Filter>
    </ClInclude>
    <ClInclude Include="D:\00Workbench\TMC2_v18.0_VTM_MCCNN\mpeg-pcc-tmc2-Test\source\lib\PccLibVideoEncoder\include\PCCHMLibVideoEncoderImpl.h">
      <Filter>Header Files</Filter>
    </ClInclude>
    <ClInclude Include="D:\00Workbench\TMC2_v18.0_VTM_MCCNN\mpeg-pcc-tmc2-Test\source\lib\PccLibVideoEncoder\include\PCCJMAppVideoEncoder.h">
      <Filter>Header Files</Filter>
    </ClInclude>
    <ClInclude Include="D:\00Workbench\TMC2_v18.0_VTM_MCCNN\mpeg-pcc-tmc2-Test\source\lib\PccLibVideoEncoder\include\PCCJMLibVideoEncoder.h">
      <Filter>Header Files</Filter>
    </ClInclude>
    <ClInclude Include="D:\00Workbench\TMC2_v18.0_VTM_MCCNN\mpeg-pcc-tmc2-Test\source\lib\PccLibVideoEncoder\include\PCCJMLibVideoEncoderImpl.h">
      <Filter>Header Files</Filter>
    </ClInclude>
    <ClInclude Include="D:\00Workbench\TMC2_v18.0_VTM_MCCNN\mpeg-pcc-tmc2-Test\source\lib\PccLibVideoEncoder\include\PCCSHMAppVideoEncoder.h">
      <Filter>Header Files</Filter>
    </ClInclude>
    <ClInclude Include="D:\00Workbench\TMC2_v18.0_VTM_MCCNN\mpeg-pcc-tmc2-Test\source\lib\PccLibVideoEncoder\include\PCCVTMLibVideoEncoder.h">
      <Filter>Header Files</Filter>
    </ClInclude>
    <ClInclude Include="D:\00Workbench\TMC2_v18.0_VTM_MCCNN\mpeg-pcc-tmc2-Test\source\lib\PccLibVideoEncoder\include\PCCVTMLibVideoEncoderCfg.h">
      <Filter>Header Files</Filter>
    </ClInclude>
    <ClInclude Include="D:\00Workbench\TMC2_v18.0_VTM_MCCNN\mpeg-pcc-tmc2-Test\source\lib\PccLibVideoEncoder\include\PCCVTMLibVideoEncoderImpl.h">
      <Filter>Header Files</Filter>
    </ClInclude>
    <ClInclude Include="D:\00Workbench\TMC2_v18.0_VTM_MCCNN\mpeg-pcc-tmc2-Test\source\lib\PccLibVideoEncoder\include\PCCVirtualVideoEncoder.h">
      <Filter>Header Files</Filter>
    </ClInclude>
  </ItemGroup>
  <ItemGroup>
    <CustomBuild Include="D:\00Workbench\TMC2_v18.0_VTM_MCCNN\mpeg-pcc-tmc2-Test\source\lib\PccLibVideoEncoder\CMakeLists.txt" />
  </ItemGroup>
  <ItemGroup>
    <Filter Include="Header Files">
      <UniqueIdentifier>{A11646F1-EDB7-3BB3-921E-0F60727F9528}</UniqueIdentifier>
    </Filter>
    <Filter Include="Source Files">
      <UniqueIdentifier>{35CAC62E-653C-36AD-9676-6984CFE797CF}</UniqueIdentifier>
    </Filter>
  </ItemGroup>
</Project>
