<?xml version="1.0" encoding="utf-8"?>
<Project ToolsVersion="16.0" xmlns="http://schemas.microsoft.com/developer/msbuild/2003">
  <ItemGroup>
    <CustomBuild Include="D:\00Workbench\TMC2_v18.0_VTM_MCCNN\mpeg-pcc-tmc2-Test\CMakeFiles\49c9cd3703d3b3c2ce6fb076d91f1e5c\INSTALL_force.rule">
      <Filter>CMake Rules</Filter>
    </CustomBuild>
  </ItemGroup>
  <ItemGroup>
    <Filter Include="CMake Rules">
      <UniqueIdentifier>{01767C03-5871-3167-B9FF-89E1CE1855BC}</UniqueIdentifier>
    </Filter>
  </ItemGroup>
</Project>
