
Microsoft Visual Studio Solution File, Format Version 12.00
# Visual Studio Version 16
Project("{8BC9CEB8-8B4A-11D0-8D11-00A0C91BC942}") = "ALL_BUILD", "ALL_BUILD.vcxproj", "{C18D25DB-89D9-3A60-A837-E893B1DFCF53}"
	ProjectSection(ProjectDependencies) = postProject
		{7EA5CC22-79A5-3960-AB36-A3034E167020} = {7EA5CC22-79A5-3960-AB36-A3034E167020}
		{5075AB95-DDB8-3A2B-97E9-39C8C6CA3662} = {5075AB95-DDB8-3A2B-97E9-39C8C6CA3662}
	EndProjectSection
EndProject
Project("{8BC9CEB8-8B4A-11D0-8D11-00A0C91BC942}") = "INSTALL", "INSTALL.vcxproj", "{D3BAEFDF-5DA6-3F64-BC3D-C08BC157AA06}"
	ProjectSection(ProjectDependencies) = postProject
		{C18D25DB-89D9-3A60-A837-E893B1DFCF53} = {C18D25DB-89D9-3A60-A837-E893B1DFCF53}
		{5075AB95-DDB8-3A2B-97E9-39C8C6CA3662} = {5075AB95-DDB8-3A2B-97E9-39C8C6CA3662}
	EndProjectSection
EndProject
Project("{8BC9CEB8-8B4A-11D0-8D11-00A0C91BC942}") = "PccAppMetrics", "PccAppMetrics.vcxproj", "{7EA5CC22-79A5-3960-AB36-A3034E167020}"
	ProjectSection(ProjectDependencies) = postProject
		{F10F42A6-9EC8-39FB-A83A-5EBFA0C12D94} = {F10F42A6-9EC8-39FB-A83A-5EBFA0C12D94}
		{4F22105C-BD5D-3E7F-9868-524D41A1CB8B} = {4F22105C-BD5D-3E7F-9868-524D41A1CB8B}
		{B2A90EC8-5937-365A-91BC-A54244F01681} = {B2A90EC8-5937-365A-91BC-A54244F01681}
		{5075AB95-DDB8-3A2B-97E9-39C8C6CA3662} = {5075AB95-DDB8-3A2B-97E9-39C8C6CA3662}
		{194EB42B-4A05-33A5-B548-662B1888F5A8} = {194EB42B-4A05-33A5-B548-662B1888F5A8}
	EndProjectSection
EndProject
Project("{8BC9CEB8-8B4A-11D0-8D11-00A0C91BC942}") = "PccLibBitstreamCommon", "..\..\lib\PccLibBitstreamCommon\PccLibBitstreamCommon.vcxproj", "{F10F42A6-9EC8-39FB-A83A-5EBFA0C12D94}"
	ProjectSection(ProjectDependencies) = postProject
		{5075AB95-DDB8-3A2B-97E9-39C8C6CA3662} = {5075AB95-DDB8-3A2B-97E9-39C8C6CA3662}
	EndProjectSection
EndProject
Project("{8BC9CEB8-8B4A-11D0-8D11-00A0C91BC942}") = "PccLibCommon", "..\..\lib\PccLibCommon\PccLibCommon.vcxproj", "{4F22105C-BD5D-3E7F-9868-524D41A1CB8B}"
	ProjectSection(ProjectDependencies) = postProject
		{F10F42A6-9EC8-39FB-A83A-5EBFA0C12D94} = {F10F42A6-9EC8-39FB-A83A-5EBFA0C12D94}
		{5075AB95-DDB8-3A2B-97E9-39C8C6CA3662} = {5075AB95-DDB8-3A2B-97E9-39C8C6CA3662}
	EndProjectSection
EndProject
Project("{8BC9CEB8-8B4A-11D0-8D11-00A0C91BC942}") = "PccLibMetrics", "..\..\lib\PccLibMetrics\PccLibMetrics.vcxproj", "{B2A90EC8-5937-365A-91BC-A54244F01681}"
	ProjectSection(ProjectDependencies) = postProject
		{F10F42A6-9EC8-39FB-A83A-5EBFA0C12D94} = {F10F42A6-9EC8-39FB-A83A-5EBFA0C12D94}
		{4F22105C-BD5D-3E7F-9868-524D41A1CB8B} = {4F22105C-BD5D-3E7F-9868-524D41A1CB8B}
		{5075AB95-DDB8-3A2B-97E9-39C8C6CA3662} = {5075AB95-DDB8-3A2B-97E9-39C8C6CA3662}
	EndProjectSection
EndProject
Project("{8BC9CEB8-8B4A-11D0-8D11-00A0C91BC942}") = "ZERO_CHECK", "..\..\..\\ZERO_CHECK.vcxproj", "{5075AB95-DDB8-3A2B-97E9-39C8C6CA3662}"
	ProjectSection(ProjectDependencies) = postProject
	EndProjectSection
EndProject
Project("{8BC9CEB8-8B4A-11D0-8D11-00A0C91BC942}") = "tbb_static", "..\..\..\dependencies\tbb\tbb_static.vcxproj", "{194EB42B-4A05-33A5-B548-662B1888F5A8}"
	ProjectSection(ProjectDependencies) = postProject
		{5075AB95-DDB8-3A2B-97E9-39C8C6CA3662} = {5075AB95-DDB8-3A2B-97E9-39C8C6CA3662}
	EndProjectSection
EndProject
Global
	GlobalSection(SolutionConfigurationPlatforms) = preSolution
		Debug|x64 = Debug|x64
		Release|x64 = Release|x64
		MinSizeRel|x64 = MinSizeRel|x64
		RelWithDebInfo|x64 = RelWithDebInfo|x64
	EndGlobalSection
	GlobalSection(ProjectConfigurationPlatforms) = postSolution
		{C18D25DB-89D9-3A60-A837-E893B1DFCF53}.Debug|x64.ActiveCfg = Debug|x64
		{C18D25DB-89D9-3A60-A837-E893B1DFCF53}.Debug|x64.Build.0 = Debug|x64
		{C18D25DB-89D9-3A60-A837-E893B1DFCF53}.Release|x64.ActiveCfg = Release|x64
		{C18D25DB-89D9-3A60-A837-E893B1DFCF53}.Release|x64.Build.0 = Release|x64
		{C18D25DB-89D9-3A60-A837-E893B1DFCF53}.MinSizeRel|x64.ActiveCfg = MinSizeRel|x64
		{C18D25DB-89D9-3A60-A837-E893B1DFCF53}.MinSizeRel|x64.Build.0 = MinSizeRel|x64
		{C18D25DB-89D9-3A60-A837-E893B1DFCF53}.RelWithDebInfo|x64.ActiveCfg = RelWithDebInfo|x64
		{C18D25DB-89D9-3A60-A837-E893B1DFCF53}.RelWithDebInfo|x64.Build.0 = RelWithDebInfo|x64
		{D3BAEFDF-5DA6-3F64-BC3D-C08BC157AA06}.Debug|x64.ActiveCfg = Debug|x64
		{D3BAEFDF-5DA6-3F64-BC3D-C08BC157AA06}.Release|x64.ActiveCfg = Release|x64
		{D3BAEFDF-5DA6-3F64-BC3D-C08BC157AA06}.MinSizeRel|x64.ActiveCfg = MinSizeRel|x64
		{D3BAEFDF-5DA6-3F64-BC3D-C08BC157AA06}.RelWithDebInfo|x64.ActiveCfg = RelWithDebInfo|x64
		{7EA5CC22-79A5-3960-AB36-A3034E167020}.Debug|x64.ActiveCfg = Debug|x64
		{7EA5CC22-79A5-3960-AB36-A3034E167020}.Debug|x64.Build.0 = Debug|x64
		{7EA5CC22-79A5-3960-AB36-A3034E167020}.Release|x64.ActiveCfg = Release|x64
		{7EA5CC22-79A5-3960-AB36-A3034E167020}.Release|x64.Build.0 = Release|x64
		{7EA5CC22-79A5-3960-AB36-A3034E167020}.MinSizeRel|x64.ActiveCfg = MinSizeRel|x64
		{7EA5CC22-79A5-3960-AB36-A3034E167020}.MinSizeRel|x64.Build.0 = MinSizeRel|x64
		{7EA5CC22-79A5-3960-AB36-A3034E167020}.RelWithDebInfo|x64.ActiveCfg = RelWithDebInfo|x64
		{7EA5CC22-79A5-3960-AB36-A3034E167020}.RelWithDebInfo|x64.Build.0 = RelWithDebInfo|x64
		{F10F42A6-9EC8-39FB-A83A-5EBFA0C12D94}.Debug|x64.ActiveCfg = Debug|x64
		{F10F42A6-9EC8-39FB-A83A-5EBFA0C12D94}.Debug|x64.Build.0 = Debug|x64
		{F10F42A6-9EC8-39FB-A83A-5EBFA0C12D94}.Release|x64.ActiveCfg = Release|x64
		{F10F42A6-9EC8-39FB-A83A-5EBFA0C12D94}.Release|x64.Build.0 = Release|x64
		{F10F42A6-9EC8-39FB-A83A-5EBFA0C12D94}.MinSizeRel|x64.ActiveCfg = MinSizeRel|x64
		{F10F42A6-9EC8-39FB-A83A-5EBFA0C12D94}.MinSizeRel|x64.Build.0 = MinSizeRel|x64
		{F10F42A6-9EC8-39FB-A83A-5EBFA0C12D94}.RelWithDebInfo|x64.ActiveCfg = RelWithDebInfo|x64
		{F10F42A6-9EC8-39FB-A83A-5EBFA0C12D94}.RelWithDebInfo|x64.Build.0 = RelWithDebInfo|x64
		{4F22105C-BD5D-3E7F-9868-524D41A1CB8B}.Debug|x64.ActiveCfg = Debug|x64
		{4F22105C-BD5D-3E7F-9868-524D41A1CB8B}.Debug|x64.Build.0 = Debug|x64
		{4F22105C-BD5D-3E7F-9868-524D41A1CB8B}.Release|x64.ActiveCfg = Release|x64
		{4F22105C-BD5D-3E7F-9868-524D41A1CB8B}.Release|x64.Build.0 = Release|x64
		{4F22105C-BD5D-3E7F-9868-524D41A1CB8B}.MinSizeRel|x64.ActiveCfg = MinSizeRel|x64
		{4F22105C-BD5D-3E7F-9868-524D41A1CB8B}.MinSizeRel|x64.Build.0 = MinSizeRel|x64
		{4F22105C-BD5D-3E7F-9868-524D41A1CB8B}.RelWithDebInfo|x64.ActiveCfg = RelWithDebInfo|x64
		{4F22105C-BD5D-3E7F-9868-524D41A1CB8B}.RelWithDebInfo|x64.Build.0 = RelWithDebInfo|x64
		{B2A90EC8-5937-365A-91BC-A54244F01681}.Debug|x64.ActiveCfg = Debug|x64
		{B2A90EC8-5937-365A-91BC-A54244F01681}.Debug|x64.Build.0 = Debug|x64
		{B2A90EC8-5937-365A-91BC-A54244F01681}.Release|x64.ActiveCfg = Release|x64
		{B2A90EC8-5937-365A-91BC-A54244F01681}.Release|x64.Build.0 = Release|x64
		{B2A90EC8-5937-365A-91BC-A54244F01681}.MinSizeRel|x64.ActiveCfg = MinSizeRel|x64
		{B2A90EC8-5937-365A-91BC-A54244F01681}.MinSizeRel|x64.Build.0 = MinSizeRel|x64
		{B2A90EC8-5937-365A-91BC-A54244F01681}.RelWithDebInfo|x64.ActiveCfg = RelWithDebInfo|x64
		{B2A90EC8-5937-365A-91BC-A54244F01681}.RelWithDebInfo|x64.Build.0 = RelWithDebInfo|x64
		{5075AB95-DDB8-3A2B-97E9-39C8C6CA3662}.Debug|x64.ActiveCfg = Debug|x64
		{5075AB95-DDB8-3A2B-97E9-39C8C6CA3662}.Debug|x64.Build.0 = Debug|x64
		{5075AB95-DDB8-3A2B-97E9-39C8C6CA3662}.Release|x64.ActiveCfg = Release|x64
		{5075AB95-DDB8-3A2B-97E9-39C8C6CA3662}.Release|x64.Build.0 = Release|x64
		{5075AB95-DDB8-3A2B-97E9-39C8C6CA3662}.MinSizeRel|x64.ActiveCfg = MinSizeRel|x64
		{5075AB95-DDB8-3A2B-97E9-39C8C6CA3662}.MinSizeRel|x64.Build.0 = MinSizeRel|x64
		{5075AB95-DDB8-3A2B-97E9-39C8C6CA3662}.RelWithDebInfo|x64.ActiveCfg = RelWithDebInfo|x64
		{5075AB95-DDB8-3A2B-97E9-39C8C6CA3662}.RelWithDebInfo|x64.Build.0 = RelWithDebInfo|x64
		{194EB42B-4A05-33A5-B548-662B1888F5A8}.Debug|x64.ActiveCfg = Debug|x64
		{194EB42B-4A05-33A5-B548-662B1888F5A8}.Debug|x64.Build.0 = Debug|x64
		{194EB42B-4A05-33A5-B548-662B1888F5A8}.Release|x64.ActiveCfg = Release|x64
		{194EB42B-4A05-33A5-B548-662B1888F5A8}.Release|x64.Build.0 = Release|x64
		{194EB42B-4A05-33A5-B548-662B1888F5A8}.MinSizeRel|x64.ActiveCfg = MinSizeRel|x64
		{194EB42B-4A05-33A5-B548-662B1888F5A8}.MinSizeRel|x64.Build.0 = MinSizeRel|x64
		{194EB42B-4A05-33A5-B548-662B1888F5A8}.RelWithDebInfo|x64.ActiveCfg = RelWithDebInfo|x64
		{194EB42B-4A05-33A5-B548-662B1888F5A8}.RelWithDebInfo|x64.Build.0 = RelWithDebInfo|x64
	EndGlobalSection
	GlobalSection(ExtensibilityGlobals) = postSolution
		SolutionGuid = {235D07AD-0FC0-3CB0-8704-DB40135E79BA}
	EndGlobalSection
	GlobalSection(ExtensibilityAddIns) = postSolution
	EndGlobalSection
EndGlobal
