<?xml version="1.0" encoding="utf-8"?>
<Project ToolsVersion="16.0" xmlns="http://schemas.microsoft.com/developer/msbuild/2003">
  <ItemGroup>
    <ClCompile Include="D:\00Workbench\TMC2_v18.0_VTM_MCCNN\mpeg-pcc-tmc2-Test\source\app\PccAppEncoder\PccAppEncoder.cpp">
      <Filter>Source Files</Filter>
    </ClCompile>
  </ItemGroup>
  <ItemGroup>
    <CustomBuild Include="D:\00Workbench\TMC2_v18.0_VTM_MCCNN\mpeg-pcc-tmc2-Test\source\lib\PccLibEncoder\CMakeLists.txt" />
  </ItemGroup>
  <ItemGroup>
    <Filter Include="Source Files">
      <UniqueIdentifier>{35CAC62E-653C-36AD-9676-6984CFE797CF}</UniqueIdentifier>
    </Filter>
  </ItemGroup>
</Project>
