
Microsoft Visual Studio Solution File, Format Version 12.00
# Visual Studio Version 16
Project("{8BC9CEB8-8B4A-11D0-8D11-00A0C91BC942}") = "ALL_BUILD", "ALL_BUILD.vcxproj", "{C18D25DB-89D9-3A60-A837-E893B1DFCF53}"
	ProjectSection(ProjectDependencies) = postProject
		{C78BC2FE-1EDD-3E6E-AC69-67C061C29C47} = {C78BC2FE-1EDD-3E6E-AC69-67C061C29C47}
		{5075AB95-DDB8-3A2B-97E9-39C8C6CA3662} = {5075AB95-DDB8-3A2B-97E9-39C8C6CA3662}
	EndProjectSection
EndProject
Project("{8BC9CEB8-8B4A-11D0-8D11-00A0C91BC942}") = "CommonLib", "..\..\..\\CommonLib.vcxproj", "{125C15A3-4014-368C-B7F5-C47C6C98B90C}"
	ProjectSection(ProjectDependencies) = postProject
		{5075AB95-DDB8-3A2B-97E9-39C8C6CA3662} = {5075AB95-DDB8-3A2B-97E9-39C8C6CA3662}
		{277FE4F0-2C3C-3486-9548-B827CEF36E6C} = {277FE4F0-2C3C-3486-9548-B827CEF36E6C}
	EndProjectSection
EndProject
Project("{8BC9CEB8-8B4A-11D0-8D11-00A0C91BC942}") = "DecoderLib_vtm", "..\..\..\\DecoderLib_vtm.vcxproj", "{B90131D9-C5DA-34E5-B2AE-2DC3DE02EE42}"
	ProjectSection(ProjectDependencies) = postProject
		{125C15A3-4014-368C-B7F5-C47C6C98B90C} = {125C15A3-4014-368C-B7F5-C47C6C98B90C}
		{5075AB95-DDB8-3A2B-97E9-39C8C6CA3662} = {5075AB95-DDB8-3A2B-97E9-39C8C6CA3662}
		{277FE4F0-2C3C-3486-9548-B827CEF36E6C} = {277FE4F0-2C3C-3486-9548-B827CEF36E6C}
	EndProjectSection
EndProject
Project("{8BC9CEB8-8B4A-11D0-8D11-00A0C91BC942}") = "INSTALL", "INSTALL.vcxproj", "{D3BAEFDF-5DA6-3F64-BC3D-C08BC157AA06}"
	ProjectSection(ProjectDependencies) = postProject
		{C18D25DB-89D9-3A60-A837-E893B1DFCF53} = {C18D25DB-89D9-3A60-A837-E893B1DFCF53}
		{5075AB95-DDB8-3A2B-97E9-39C8C6CA3662} = {5075AB95-DDB8-3A2B-97E9-39C8C6CA3662}
	EndProjectSection
EndProject
Project("{8BC9CEB8-8B4A-11D0-8D11-00A0C91BC942}") = "PccLibAvcParser", "..\..\..\dependencies\PccLibAvcParser\PccLibAvcParser.vcxproj", "{5D49637F-DF55-3B2F-8FDD-01BBA635AD20}"
	ProjectSection(ProjectDependencies) = postProject
		{5075AB95-DDB8-3A2B-97E9-39C8C6CA3662} = {5075AB95-DDB8-3A2B-97E9-39C8C6CA3662}
	EndProjectSection
EndProject
Project("{8BC9CEB8-8B4A-11D0-8D11-00A0C91BC942}") = "PccLibBitstreamCommon", "..\PccLibBitstreamCommon\PccLibBitstreamCommon.vcxproj", "{F10F42A6-9EC8-39FB-A83A-5EBFA0C12D94}"
	ProjectSection(ProjectDependencies) = postProject
		{5075AB95-DDB8-3A2B-97E9-39C8C6CA3662} = {5075AB95-DDB8-3A2B-97E9-39C8C6CA3662}
	EndProjectSection
EndProject
Project("{8BC9CEB8-8B4A-11D0-8D11-00A0C91BC942}") = "PccLibCommon", "..\PccLibCommon\PccLibCommon.vcxproj", "{4F22105C-BD5D-3E7F-9868-524D41A1CB8B}"
	ProjectSection(ProjectDependencies) = postProject
		{F10F42A6-9EC8-39FB-A83A-5EBFA0C12D94} = {F10F42A6-9EC8-39FB-A83A-5EBFA0C12D94}
		{5075AB95-DDB8-3A2B-97E9-39C8C6CA3662} = {5075AB95-DDB8-3A2B-97E9-39C8C6CA3662}
	EndProjectSection
EndProject
Project("{8BC9CEB8-8B4A-11D0-8D11-00A0C91BC942}") = "PccLibHevcParser", "..\..\..\dependencies\PccLibHevcParser\PccLibHevcParser.vcxproj", "{249CC861-90FC-3C5B-A4F8-458718873627}"
	ProjectSection(ProjectDependencies) = postProject
		{5075AB95-DDB8-3A2B-97E9-39C8C6CA3662} = {5075AB95-DDB8-3A2B-97E9-39C8C6CA3662}
	EndProjectSection
EndProject
Project("{8BC9CEB8-8B4A-11D0-8D11-00A0C91BC942}") = "PccLibShvcParser", "..\..\..\dependencies\PccLibShvcParser\PccLibShvcParser.vcxproj", "{F627D060-E031-30D7-9E18-0D86896628F4}"
	ProjectSection(ProjectDependencies) = postProject
		{5075AB95-DDB8-3A2B-97E9-39C8C6CA3662} = {5075AB95-DDB8-3A2B-97E9-39C8C6CA3662}
	EndProjectSection
EndProject
Project("{8BC9CEB8-8B4A-11D0-8D11-00A0C91BC942}") = "PccLibVideoDecoder", "PccLibVideoDecoder.vcxproj", "{C78BC2FE-1EDD-3E6E-AC69-67C061C29C47}"
	ProjectSection(ProjectDependencies) = postProject
		{125C15A3-4014-368C-B7F5-C47C6C98B90C} = {125C15A3-4014-368C-B7F5-C47C6C98B90C}
		{B90131D9-C5DA-34E5-B2AE-2DC3DE02EE42} = {B90131D9-C5DA-34E5-B2AE-2DC3DE02EE42}
		{5D49637F-DF55-3B2F-8FDD-01BBA635AD20} = {5D49637F-DF55-3B2F-8FDD-01BBA635AD20}
		{F10F42A6-9EC8-39FB-A83A-5EBFA0C12D94} = {F10F42A6-9EC8-39FB-A83A-5EBFA0C12D94}
		{4F22105C-BD5D-3E7F-9868-524D41A1CB8B} = {4F22105C-BD5D-3E7F-9868-524D41A1CB8B}
		{249CC861-90FC-3C5B-A4F8-458718873627} = {249CC861-90FC-3C5B-A4F8-458718873627}
		{F627D060-E031-30D7-9E18-0D86896628F4} = {F627D060-E031-30D7-9E18-0D86896628F4}
		{47F9D14D-58AA-3827-BE23-37D11FAB8426} = {47F9D14D-58AA-3827-BE23-37D11FAB8426}
		{C599C48A-4F6A-3BA1-80D5-2A4A60E1D087} = {C599C48A-4F6A-3BA1-80D5-2A4A60E1D087}
		{5075AB95-DDB8-3A2B-97E9-39C8C6CA3662} = {5075AB95-DDB8-3A2B-97E9-39C8C6CA3662}
		{F31C4253-B2EE-3CA2-8D09-9ADA2FAFEB20} = {F31C4253-B2EE-3CA2-8D09-9ADA2FAFEB20}
		{438CF3E6-E9A5-3794-932D-1FDC8B08A489} = {438CF3E6-E9A5-3794-932D-1FDC8B08A489}
		{277FE4F0-2C3C-3486-9548-B827CEF36E6C} = {277FE4F0-2C3C-3486-9548-B827CEF36E6C}
	EndProjectSection
EndProject
Project("{8BC9CEB8-8B4A-11D0-8D11-00A0C91BC942}") = "TLibCommon", "..\..\..\\TLibCommon.vcxproj", "{47F9D14D-58AA-3827-BE23-37D11FAB8426}"
	ProjectSection(ProjectDependencies) = postProject
		{5075AB95-DDB8-3A2B-97E9-39C8C6CA3662} = {5075AB95-DDB8-3A2B-97E9-39C8C6CA3662}
		{438CF3E6-E9A5-3794-932D-1FDC8B08A489} = {438CF3E6-E9A5-3794-932D-1FDC8B08A489}
	EndProjectSection
EndProject
Project("{8BC9CEB8-8B4A-11D0-8D11-00A0C91BC942}") = "TLibDecoder", "..\..\..\\TLibDecoder.vcxproj", "{C599C48A-4F6A-3BA1-80D5-2A4A60E1D087}"
	ProjectSection(ProjectDependencies) = postProject
		{47F9D14D-58AA-3827-BE23-37D11FAB8426} = {47F9D14D-58AA-3827-BE23-37D11FAB8426}
		{5075AB95-DDB8-3A2B-97E9-39C8C6CA3662} = {5075AB95-DDB8-3A2B-97E9-39C8C6CA3662}
		{438CF3E6-E9A5-3794-932D-1FDC8B08A489} = {438CF3E6-E9A5-3794-932D-1FDC8B08A489}
	EndProjectSection
EndProject
Project("{8BC9CEB8-8B4A-11D0-8D11-00A0C91BC942}") = "ZERO_CHECK", "..\..\..\\ZERO_CHECK.vcxproj", "{5075AB95-DDB8-3A2B-97E9-39C8C6CA3662}"
	ProjectSection(ProjectDependencies) = postProject
	EndProjectSection
EndProject
Project("{8BC9CEB8-8B4A-11D0-8D11-00A0C91BC942}") = "ldecod", "..\..\..\\ldecod.vcxproj", "{F31C4253-B2EE-3CA2-8D09-9ADA2FAFEB20}"
	ProjectSection(ProjectDependencies) = postProject
		{5075AB95-DDB8-3A2B-97E9-39C8C6CA3662} = {5075AB95-DDB8-3A2B-97E9-39C8C6CA3662}
	EndProjectSection
EndProject
Project("{8BC9CEB8-8B4A-11D0-8D11-00A0C91BC942}") = "libmd5", "..\..\..\\libmd5.vcxproj", "{438CF3E6-E9A5-3794-932D-1FDC8B08A489}"
	ProjectSection(ProjectDependencies) = postProject
		{5075AB95-DDB8-3A2B-97E9-39C8C6CA3662} = {5075AB95-DDB8-3A2B-97E9-39C8C6CA3662}
	EndProjectSection
EndProject
Project("{8BC9CEB8-8B4A-11D0-8D11-00A0C91BC942}") = "libmd5_vtm", "..\..\..\\libmd5_vtm.vcxproj", "{277FE4F0-2C3C-3486-9548-B827CEF36E6C}"
	ProjectSection(ProjectDependencies) = postProject
		{5075AB95-DDB8-3A2B-97E9-39C8C6CA3662} = {5075AB95-DDB8-3A2B-97E9-39C8C6CA3662}
	EndProjectSection
EndProject
Global
	GlobalSection(SolutionConfigurationPlatforms) = preSolution
		Debug|x64 = Debug|x64
		Release|x64 = Release|x64
		MinSizeRel|x64 = MinSizeRel|x64
		RelWithDebInfo|x64 = RelWithDebInfo|x64
	EndGlobalSection
	GlobalSection(ProjectConfigurationPlatforms) = postSolution
		{C18D25DB-89D9-3A60-A837-E893B1DFCF53}.Debug|x64.ActiveCfg = Debug|x64
		{C18D25DB-89D9-3A60-A837-E893B1DFCF53}.Debug|x64.Build.0 = Debug|x64
		{C18D25DB-89D9-3A60-A837-E893B1DFCF53}.Release|x64.ActiveCfg = Release|x64
		{C18D25DB-89D9-3A60-A837-E893B1DFCF53}.Release|x64.Build.0 = Release|x64
		{C18D25DB-89D9-3A60-A837-E893B1DFCF53}.MinSizeRel|x64.ActiveCfg = MinSizeRel|x64
		{C18D25DB-89D9-3A60-A837-E893B1DFCF53}.MinSizeRel|x64.Build.0 = MinSizeRel|x64
		{C18D25DB-89D9-3A60-A837-E893B1DFCF53}.RelWithDebInfo|x64.ActiveCfg = RelWithDebInfo|x64
		{C18D25DB-89D9-3A60-A837-E893B1DFCF53}.RelWithDebInfo|x64.Build.0 = RelWithDebInfo|x64
		{125C15A3-4014-368C-B7F5-C47C6C98B90C}.Debug|x64.ActiveCfg = Debug|x64
		{125C15A3-4014-368C-B7F5-C47C6C98B90C}.Debug|x64.Build.0 = Debug|x64
		{125C15A3-4014-368C-B7F5-C47C6C98B90C}.Release|x64.ActiveCfg = Release|x64
		{125C15A3-4014-368C-B7F5-C47C6C98B90C}.Release|x64.Build.0 = Release|x64
		{125C15A3-4014-368C-B7F5-C47C6C98B90C}.MinSizeRel|x64.ActiveCfg = MinSizeRel|x64
		{125C15A3-4014-368C-B7F5-C47C6C98B90C}.MinSizeRel|x64.Build.0 = MinSizeRel|x64
		{125C15A3-4014-368C-B7F5-C47C6C98B90C}.RelWithDebInfo|x64.ActiveCfg = RelWithDebInfo|x64
		{125C15A3-4014-368C-B7F5-C47C6C98B90C}.RelWithDebInfo|x64.Build.0 = RelWithDebInfo|x64
		{B90131D9-C5DA-34E5-B2AE-2DC3DE02EE42}.Debug|x64.ActiveCfg = Debug|x64
		{B90131D9-C5DA-34E5-B2AE-2DC3DE02EE42}.Debug|x64.Build.0 = Debug|x64
		{B90131D9-C5DA-34E5-B2AE-2DC3DE02EE42}.Release|x64.ActiveCfg = Release|x64
		{B90131D9-C5DA-34E5-B2AE-2DC3DE02EE42}.Release|x64.Build.0 = Release|x64
		{B90131D9-C5DA-34E5-B2AE-2DC3DE02EE42}.MinSizeRel|x64.ActiveCfg = MinSizeRel|x64
		{B90131D9-C5DA-34E5-B2AE-2DC3DE02EE42}.MinSizeRel|x64.Build.0 = MinSizeRel|x64
		{B90131D9-C5DA-34E5-B2AE-2DC3DE02EE42}.RelWithDebInfo|x64.ActiveCfg = RelWithDebInfo|x64
		{B90131D9-C5DA-34E5-B2AE-2DC3DE02EE42}.RelWithDebInfo|x64.Build.0 = RelWithDebInfo|x64
		{D3BAEFDF-5DA6-3F64-BC3D-C08BC157AA06}.Debug|x64.ActiveCfg = Debug|x64
		{D3BAEFDF-5DA6-3F64-BC3D-C08BC157AA06}.Release|x64.ActiveCfg = Release|x64
		{D3BAEFDF-5DA6-3F64-BC3D-C08BC157AA06}.MinSizeRel|x64.ActiveCfg = MinSizeRel|x64
		{D3BAEFDF-5DA6-3F64-BC3D-C08BC157AA06}.RelWithDebInfo|x64.ActiveCfg = RelWithDebInfo|x64
		{5D49637F-DF55-3B2F-8FDD-01BBA635AD20}.Debug|x64.ActiveCfg = Debug|x64
		{5D49637F-DF55-3B2F-8FDD-01BBA635AD20}.Debug|x64.Build.0 = Debug|x64
		{5D49637F-DF55-3B2F-8FDD-01BBA635AD20}.Release|x64.ActiveCfg = Release|x64
		{5D49637F-DF55-3B2F-8FDD-01BBA635AD20}.Release|x64.Build.0 = Release|x64
		{5D49637F-DF55-3B2F-8FDD-01BBA635AD20}.MinSizeRel|x64.ActiveCfg = MinSizeRel|x64
		{5D49637F-DF55-3B2F-8FDD-01BBA635AD20}.MinSizeRel|x64.Build.0 = MinSizeRel|x64
		{5D49637F-DF55-3B2F-8FDD-01BBA635AD20}.RelWithDebInfo|x64.ActiveCfg = RelWithDebInfo|x64
		{5D49637F-DF55-3B2F-8FDD-01BBA635AD20}.RelWithDebInfo|x64.Build.0 = RelWithDebInfo|x64
		{F10F42A6-9EC8-39FB-A83A-5EBFA0C12D94}.Debug|x64.ActiveCfg = Debug|x64
		{F10F42A6-9EC8-39FB-A83A-5EBFA0C12D94}.Debug|x64.Build.0 = Debug|x64
		{F10F42A6-9EC8-39FB-A83A-5EBFA0C12D94}.Release|x64.ActiveCfg = Release|x64
		{F10F42A6-9EC8-39FB-A83A-5EBFA0C12D94}.Release|x64.Build.0 = Release|x64
		{F10F42A6-9EC8-39FB-A83A-5EBFA0C12D94}.MinSizeRel|x64.ActiveCfg = MinSizeRel|x64
		{F10F42A6-9EC8-39FB-A83A-5EBFA0C12D94}.MinSizeRel|x64.Build.0 = MinSizeRel|x64
		{F10F42A6-9EC8-39FB-A83A-5EBFA0C12D94}.RelWithDebInfo|x64.ActiveCfg = RelWithDebInfo|x64
		{F10F42A6-9EC8-39FB-A83A-5EBFA0C12D94}.RelWithDebInfo|x64.Build.0 = RelWithDebInfo|x64
		{4F22105C-BD5D-3E7F-9868-524D41A1CB8B}.Debug|x64.ActiveCfg = Debug|x64
		{4F22105C-BD5D-3E7F-9868-524D41A1CB8B}.Debug|x64.Build.0 = Debug|x64
		{4F22105C-BD5D-3E7F-9868-524D41A1CB8B}.Release|x64.ActiveCfg = Release|x64
		{4F22105C-BD5D-3E7F-9868-524D41A1CB8B}.Release|x64.Build.0 = Release|x64
		{4F22105C-BD5D-3E7F-9868-524D41A1CB8B}.MinSizeRel|x64.ActiveCfg = MinSizeRel|x64
		{4F22105C-BD5D-3E7F-9868-524D41A1CB8B}.MinSizeRel|x64.Build.0 = MinSizeRel|x64
		{4F22105C-BD5D-3E7F-9868-524D41A1CB8B}.RelWithDebInfo|x64.ActiveCfg = RelWithDebInfo|x64
		{4F22105C-BD5D-3E7F-9868-524D41A1CB8B}.RelWithDebInfo|x64.Build.0 = RelWithDebInfo|x64
		{249CC861-90FC-3C5B-A4F8-458718873627}.Debug|x64.ActiveCfg = Debug|x64
		{249CC861-90FC-3C5B-A4F8-458718873627}.Debug|x64.Build.0 = Debug|x64
		{249CC861-90FC-3C5B-A4F8-458718873627}.Release|x64.ActiveCfg = Release|x64
		{249CC861-90FC-3C5B-A4F8-458718873627}.Release|x64.Build.0 = Release|x64
		{249CC861-90FC-3C5B-A4F8-458718873627}.MinSizeRel|x64.ActiveCfg = MinSizeRel|x64
		{249CC861-90FC-3C5B-A4F8-458718873627}.MinSizeRel|x64.Build.0 = MinSizeRel|x64
		{249CC861-90FC-3C5B-A4F8-458718873627}.RelWithDebInfo|x64.ActiveCfg = RelWithDebInfo|x64
		{249CC861-90FC-3C5B-A4F8-458718873627}.RelWithDebInfo|x64.Build.0 = RelWithDebInfo|x64
		{F627D060-E031-30D7-9E18-0D86896628F4}.Debug|x64.ActiveCfg = Debug|x64
		{F627D060-E031-30D7-9E18-0D86896628F4}.Debug|x64.Build.0 = Debug|x64
		{F627D060-E031-30D7-9E18-0D86896628F4}.Release|x64.ActiveCfg = Release|x64
		{F627D060-E031-30D7-9E18-0D86896628F4}.Release|x64.Build.0 = Release|x64
		{F627D060-E031-30D7-9E18-0D86896628F4}.MinSizeRel|x64.ActiveCfg = MinSizeRel|x64
		{F627D060-E031-30D7-9E18-0D86896628F4}.MinSizeRel|x64.Build.0 = MinSizeRel|x64
		{F627D060-E031-30D7-9E18-0D86896628F4}.RelWithDebInfo|x64.ActiveCfg = RelWithDebInfo|x64
		{F627D060-E031-30D7-9E18-0D86896628F4}.RelWithDebInfo|x64.Build.0 = RelWithDebInfo|x64
		{C78BC2FE-1EDD-3E6E-AC69-67C061C29C47}.Debug|x64.ActiveCfg = Debug|x64
		{C78BC2FE-1EDD-3E6E-AC69-67C061C29C47}.Debug|x64.Build.0 = Debug|x64
		{C78BC2FE-1EDD-3E6E-AC69-67C061C29C47}.Release|x64.ActiveCfg = Release|x64
		{C78BC2FE-1EDD-3E6E-AC69-67C061C29C47}.Release|x64.Build.0 = Release|x64
		{C78BC2FE-1EDD-3E6E-AC69-67C061C29C47}.MinSizeRel|x64.ActiveCfg = MinSizeRel|x64
		{C78BC2FE-1EDD-3E6E-AC69-67C061C29C47}.MinSizeRel|x64.Build.0 = MinSizeRel|x64
		{C78BC2FE-1EDD-3E6E-AC69-67C061C29C47}.RelWithDebInfo|x64.ActiveCfg = RelWithDebInfo|x64
		{C78BC2FE-1EDD-3E6E-AC69-67C061C29C47}.RelWithDebInfo|x64.Build.0 = RelWithDebInfo|x64
		{47F9D14D-58AA-3827-BE23-37D11FAB8426}.Debug|x64.ActiveCfg = Debug|x64
		{47F9D14D-58AA-3827-BE23-37D11FAB8426}.Debug|x64.Build.0 = Debug|x64
		{47F9D14D-58AA-3827-BE23-37D11FAB8426}.Release|x64.ActiveCfg = Release|x64
		{47F9D14D-58AA-3827-BE23-37D11FAB8426}.Release|x64.Build.0 = Release|x64
		{47F9D14D-58AA-3827-BE23-37D11FAB8426}.MinSizeRel|x64.ActiveCfg = MinSizeRel|x64
		{47F9D14D-58AA-3827-BE23-37D11FAB8426}.MinSizeRel|x64.Build.0 = MinSizeRel|x64
		{47F9D14D-58AA-3827-BE23-37D11FAB8426}.RelWithDebInfo|x64.ActiveCfg = RelWithDebInfo|x64
		{47F9D14D-58AA-3827-BE23-37D11FAB8426}.RelWithDebInfo|x64.Build.0 = RelWithDebInfo|x64
		{C599C48A-4F6A-3BA1-80D5-2A4A60E1D087}.Debug|x64.ActiveCfg = Debug|x64
		{C599C48A-4F6A-3BA1-80D5-2A4A60E1D087}.Debug|x64.Build.0 = Debug|x64
		{C599C48A-4F6A-3BA1-80D5-2A4A60E1D087}.Release|x64.ActiveCfg = Release|x64
		{C599C48A-4F6A-3BA1-80D5-2A4A60E1D087}.Release|x64.Build.0 = Release|x64
		{C599C48A-4F6A-3BA1-80D5-2A4A60E1D087}.MinSizeRel|x64.ActiveCfg = MinSizeRel|x64
		{C599C48A-4F6A-3BA1-80D5-2A4A60E1D087}.MinSizeRel|x64.Build.0 = MinSizeRel|x64
		{C599C48A-4F6A-3BA1-80D5-2A4A60E1D087}.RelWithDebInfo|x64.ActiveCfg = RelWithDebInfo|x64
		{C599C48A-4F6A-3BA1-80D5-2A4A60E1D087}.RelWithDebInfo|x64.Build.0 = RelWithDebInfo|x64
		{5075AB95-DDB8-3A2B-97E9-39C8C6CA3662}.Debug|x64.ActiveCfg = Debug|x64
		{5075AB95-DDB8-3A2B-97E9-39C8C6CA3662}.Debug|x64.Build.0 = Debug|x64
		{5075AB95-DDB8-3A2B-97E9-39C8C6CA3662}.Release|x64.ActiveCfg = Release|x64
		{5075AB95-DDB8-3A2B-97E9-39C8C6CA3662}.Release|x64.Build.0 = Release|x64
		{5075AB95-DDB8-3A2B-97E9-39C8C6CA3662}.MinSizeRel|x64.ActiveCfg = MinSizeRel|x64
		{5075AB95-DDB8-3A2B-97E9-39C8C6CA3662}.MinSizeRel|x64.Build.0 = MinSizeRel|x64
		{5075AB95-DDB8-3A2B-97E9-39C8C6CA3662}.RelWithDebInfo|x64.ActiveCfg = RelWithDebInfo|x64
		{5075AB95-DDB8-3A2B-97E9-39C8C6CA3662}.RelWithDebInfo|x64.Build.0 = RelWithDebInfo|x64
		{F31C4253-B2EE-3CA2-8D09-9ADA2FAFEB20}.Debug|x64.ActiveCfg = Debug|x64
		{F31C4253-B2EE-3CA2-8D09-9ADA2FAFEB20}.Debug|x64.Build.0 = Debug|x64
		{F31C4253-B2EE-3CA2-8D09-9ADA2FAFEB20}.Release|x64.ActiveCfg = Release|x64
		{F31C4253-B2EE-3CA2-8D09-9ADA2FAFEB20}.Release|x64.Build.0 = Release|x64
		{F31C4253-B2EE-3CA2-8D09-9ADA2FAFEB20}.MinSizeRel|x64.ActiveCfg = MinSizeRel|x64
		{F31C4253-B2EE-3CA2-8D09-9ADA2FAFEB20}.MinSizeRel|x64.Build.0 = MinSizeRel|x64
		{F31C4253-B2EE-3CA2-8D09-9ADA2FAFEB20}.RelWithDebInfo|x64.ActiveCfg = RelWithDebInfo|x64
		{F31C4253-B2EE-3CA2-8D09-9ADA2FAFEB20}.RelWithDebInfo|x64.Build.0 = RelWithDebInfo|x64
		{438CF3E6-E9A5-3794-932D-1FDC8B08A489}.Debug|x64.ActiveCfg = Debug|x64
		{438CF3E6-E9A5-3794-932D-1FDC8B08A489}.Debug|x64.Build.0 = Debug|x64
		{438CF3E6-E9A5-3794-932D-1FDC8B08A489}.Release|x64.ActiveCfg = Release|x64
		{438CF3E6-E9A5-3794-932D-1FDC8B08A489}.Release|x64.Build.0 = Release|x64
		{438CF3E6-E9A5-3794-932D-1FDC8B08A489}.MinSizeRel|x64.ActiveCfg = MinSizeRel|x64
		{438CF3E6-E9A5-3794-932D-1FDC8B08A489}.MinSizeRel|x64.Build.0 = MinSizeRel|x64
		{438CF3E6-E9A5-3794-932D-1FDC8B08A489}.RelWithDebInfo|x64.ActiveCfg = RelWithDebInfo|x64
		{438CF3E6-E9A5-3794-932D-1FDC8B08A489}.RelWithDebInfo|x64.Build.0 = RelWithDebInfo|x64
		{277FE4F0-2C3C-3486-9548-B827CEF36E6C}.Debug|x64.ActiveCfg = Debug|x64
		{277FE4F0-2C3C-3486-9548-B827CEF36E6C}.Debug|x64.Build.0 = Debug|x64
		{277FE4F0-2C3C-3486-9548-B827CEF36E6C}.Release|x64.ActiveCfg = Release|x64
		{277FE4F0-2C3C-3486-9548-B827CEF36E6C}.Release|x64.Build.0 = Release|x64
		{277FE4F0-2C3C-3486-9548-B827CEF36E6C}.MinSizeRel|x64.ActiveCfg = MinSizeRel|x64
		{277FE4F0-2C3C-3486-9548-B827CEF36E6C}.MinSizeRel|x64.Build.0 = MinSizeRel|x64
		{277FE4F0-2C3C-3486-9548-B827CEF36E6C}.RelWithDebInfo|x64.ActiveCfg = RelWithDebInfo|x64
		{277FE4F0-2C3C-3486-9548-B827CEF36E6C}.RelWithDebInfo|x64.Build.0 = RelWithDebInfo|x64
	EndGlobalSection
	GlobalSection(ExtensibilityGlobals) = postSolution
		SolutionGuid = {C8C737F3-FF02-39CD-B7BB-5DB90C4A7FA0}
	EndGlobalSection
	GlobalSection(ExtensibilityAddIns) = postSolution
	EndGlobalSection
EndGlobal
